
Microsoft Visual Studio Solution File, Format Version 12.00
# TcXaeShell Solution File, Format Version 11.00
VisualStudioVersion = 17.7.34302.85
MinimumVisualStudioVersion = 10.0.40219.1
Project("{B1E792BE-AA5F-4E3C-8C82-674BF9C0715B}") = "lcls-twincat-lss", "lcls-twincat-lss.tsproj", "{97935383-D7B4-40D5-83CD-634109832B00}"
EndProject
Global
	GlobalSection(SolutionConfigurationPlatforms) = preSolution
		Debug|TwinCAT OS (ARMV7-A) = Debug|TwinCAT OS (ARMV7-A)
		Debug|TwinCAT OS (ARMV7-M) = Debug|TwinCAT OS (ARMV7-M)
		Debug|TwinCAT OS (ARMV8-A) = Debug|TwinCAT OS (ARMV8-A)
		Debug|TwinCAT OS (x64) = Debug|TwinCAT OS (x64)
		Debug|TwinCAT OS (x64-E) = Debug|TwinCAT OS (x64-E)
		Debug|TwinCAT RT (x64) = Debug|TwinCAT RT (x64)
		Debug|TwinCAT RT (x86) = Debug|TwinCAT RT (x86)
		Release|TwinCAT OS (ARMV7-A) = Release|TwinCAT OS (ARMV7-A)
		Release|TwinCAT OS (ARMV7-M) = Release|TwinCAT OS (ARMV7-M)
		Release|TwinCAT OS (ARMV8-A) = Release|TwinCAT OS (ARMV8-A)
		Release|TwinCAT OS (x64) = Release|TwinCAT OS (x64)
		Release|TwinCAT OS (x64-E) = Release|TwinCAT OS (x64-E)
		Release|TwinCAT RT (x64) = Release|TwinCAT RT (x64)
		Release|TwinCAT RT (x86) = Release|TwinCAT RT (x86)
	EndGlobalSection
	GlobalSection(ProjectConfigurationPlatforms) = postSolution
		{97935383-D7B4-40D5-83CD-634109832B00}.Debug|TwinCAT OS (ARMV7-A).ActiveCfg = Debug|TwinCAT OS (ARMV7-A)
		{97935383-D7B4-40D5-83CD-634109832B00}.Debug|TwinCAT OS (ARMV7-A).Build.0 = Debug|TwinCAT OS (ARMV7-A)
		{97935383-D7B4-40D5-83CD-634109832B00}.Debug|TwinCAT OS (ARMV7-M).ActiveCfg = Debug|TwinCAT OS (ARMV7-M)
		{97935383-D7B4-40D5-83CD-634109832B00}.Debug|TwinCAT OS (ARMV7-M).Build.0 = Debug|TwinCAT OS (ARMV7-M)
		{97935383-D7B4-40D5-83CD-634109832B00}.Debug|TwinCAT OS (ARMV8-A).ActiveCfg = Debug|TwinCAT OS (ARMV8-A)
		{97935383-D7B4-40D5-83CD-634109832B00}.Debug|TwinCAT OS (ARMV8-A).Build.0 = Debug|TwinCAT OS (ARMV8-A)
		{97935383-D7B4-40D5-83CD-634109832B00}.Debug|TwinCAT OS (x64).ActiveCfg = Debug|TwinCAT OS (x64)
		{97935383-D7B4-40D5-83CD-634109832B00}.Debug|TwinCAT OS (x64).Build.0 = Debug|TwinCAT OS (x64)
		{97935383-D7B4-40D5-83CD-634109832B00}.Debug|TwinCAT OS (x64-E).ActiveCfg = Debug|TwinCAT OS (x64-E)
		{97935383-D7B4-40D5-83CD-634109832B00}.Debug|TwinCAT OS (x64-E).Build.0 = Debug|TwinCAT OS (x64-E)
		{97935383-D7B4-40D5-83CD-634109832B00}.Debug|TwinCAT RT (x64).ActiveCfg = Debug|TwinCAT RT (x64)
		{97935383-D7B4-40D5-83CD-634109832B00}.Debug|TwinCAT RT (x64).Build.0 = Debug|TwinCAT RT (x64)
		{97935383-D7B4-40D5-83CD-634109832B00}.Debug|TwinCAT RT (x86).ActiveCfg = Debug|TwinCAT RT (x86)
		{97935383-D7B4-40D5-83CD-634109832B00}.Debug|TwinCAT RT (x86).Build.0 = Debug|TwinCAT RT (x86)
		{97935383-D7B4-40D5-83CD-634109832B00}.Release|TwinCAT OS (ARMV7-A).ActiveCfg = Release|TwinCAT OS (ARMV7-A)
		{97935383-D7B4-40D5-83CD-634109832B00}.Release|TwinCAT OS (ARMV7-A).Build.0 = Release|TwinCAT OS (ARMV7-A)
		{97935383-D7B4-40D5-83CD-634109832B00}.Release|TwinCAT OS (ARMV7-M).ActiveCfg = Release|TwinCAT OS (ARMV7-M)
		{97935383-D7B4-40D5-83CD-634109832B00}.Release|TwinCAT OS (ARMV7-M).Build.0 = Release|TwinCAT OS (ARMV7-M)
		{97935383-D7B4-40D5-83CD-634109832B00}.Release|TwinCAT OS (ARMV8-A).ActiveCfg = Release|TwinCAT OS (ARMV8-A)
		{97935383-D7B4-40D5-83CD-634109832B00}.Release|TwinCAT OS (ARMV8-A).Build.0 = Release|TwinCAT OS (ARMV8-A)
		{97935383-D7B4-40D5-83CD-634109832B00}.Release|TwinCAT OS (x64).ActiveCfg = Release|TwinCAT OS (x64)
		{97935383-D7B4-40D5-83CD-634109832B00}.Release|TwinCAT OS (x64).Build.0 = Release|TwinCAT OS (x64)
		{97935383-D7B4-40D5-83CD-634109832B00}.Release|TwinCAT OS (x64-E).ActiveCfg = Release|TwinCAT OS (x64-E)
		{97935383-D7B4-40D5-83CD-634109832B00}.Release|TwinCAT OS (x64-E).Build.0 = Release|TwinCAT OS (x64-E)
		{97935383-D7B4-40D5-83CD-634109832B00}.Release|TwinCAT RT (x64).ActiveCfg = Release|TwinCAT RT (x64)
		{97935383-D7B4-40D5-83CD-634109832B00}.Release|TwinCAT RT (x64).Build.0 = Release|TwinCAT RT (x64)
		{97935383-D7B4-40D5-83CD-634109832B00}.Release|TwinCAT RT (x86).ActiveCfg = Release|TwinCAT RT (x86)
		{97935383-D7B4-40D5-83CD-634109832B00}.Release|TwinCAT RT (x86).Build.0 = Release|TwinCAT RT (x86)
		{96F46DFE-EDDA-479B-9653-23F1CE9905F8}.Debug|TwinCAT OS (ARMV7-A).ActiveCfg = Debug|TwinCAT OS (ARMV7-A)
		{96F46DFE-EDDA-479B-9653-23F1CE9905F8}.Debug|TwinCAT OS (ARMV7-A).Build.0 = Debug|TwinCAT OS (ARMV7-A)
		{96F46DFE-EDDA-479B-9653-23F1CE9905F8}.Debug|TwinCAT OS (ARMV7-M).ActiveCfg = Debug|TwinCAT OS (ARMV7-M)
		{96F46DFE-EDDA-479B-9653-23F1CE9905F8}.Debug|TwinCAT OS (ARMV7-M).Build.0 = Debug|TwinCAT OS (ARMV7-M)
		{96F46DFE-EDDA-479B-9653-23F1CE9905F8}.Debug|TwinCAT OS (ARMV8-A).ActiveCfg = Debug|TwinCAT OS (ARMV8-A)
		{96F46DFE-EDDA-479B-9653-23F1CE9905F8}.Debug|TwinCAT OS (ARMV8-A).Build.0 = Debug|TwinCAT OS (ARMV8-A)
		{96F46DFE-EDDA-479B-9653-23F1CE9905F8}.Debug|TwinCAT OS (x64).ActiveCfg = Debug|TwinCAT OS (x64)
		{96F46DFE-EDDA-479B-9653-23F1CE9905F8}.Debug|TwinCAT OS (x64).Build.0 = Debug|TwinCAT OS (x64)
		{96F46DFE-EDDA-479B-9653-23F1CE9905F8}.Debug|TwinCAT OS (x64-E).ActiveCfg = Debug|TwinCAT OS (x64-E)
		{96F46DFE-EDDA-479B-9653-23F1CE9905F8}.Debug|TwinCAT OS (x64-E).Build.0 = Debug|TwinCAT OS (x64-E)
		{96F46DFE-EDDA-479B-9653-23F1CE9905F8}.Debug|TwinCAT RT (x64).ActiveCfg = Debug|TwinCAT RT (x64)
		{96F46DFE-EDDA-479B-9653-23F1CE9905F8}.Debug|TwinCAT RT (x64).Build.0 = Debug|TwinCAT RT (x64)
		{96F46DFE-EDDA-479B-9653-23F1CE9905F8}.Debug|TwinCAT RT (x86).ActiveCfg = Debug|TwinCAT RT (x86)
		{96F46DFE-EDDA-479B-9653-23F1CE9905F8}.Debug|TwinCAT RT (x86).Build.0 = Debug|TwinCAT RT (x86)
		{96F46DFE-EDDA-479B-9653-23F1CE9905F8}.Release|TwinCAT OS (ARMV7-A).ActiveCfg = Release|TwinCAT OS (ARMV7-A)
		{96F46DFE-EDDA-479B-9653-23F1CE9905F8}.Release|TwinCAT OS (ARMV7-A).Build.0 = Release|TwinCAT OS (ARMV7-A)
		{96F46DFE-EDDA-479B-9653-23F1CE9905F8}.Release|TwinCAT OS (ARMV7-M).ActiveCfg = Release|TwinCAT OS (ARMV7-M)
		{96F46DFE-EDDA-479B-9653-23F1CE9905F8}.Release|TwinCAT OS (ARMV7-M).Build.0 = Release|TwinCAT OS (ARMV7-M)
		{96F46DFE-EDDA-479B-9653-23F1CE9905F8}.Release|TwinCAT OS (ARMV8-A).ActiveCfg = Release|TwinCAT OS (ARMV8-A)
		{96F46DFE-EDDA-479B-9653-23F1CE9905F8}.Release|TwinCAT OS (ARMV8-A).Build.0 = Release|TwinCAT OS (ARMV8-A)
		{96F46DFE-EDDA-479B-9653-23F1CE9905F8}.Release|TwinCAT OS (x64).ActiveCfg = Release|TwinCAT OS (x64)
		{96F46DFE-EDDA-479B-9653-23F1CE9905F8}.Release|TwinCAT OS (x64).Build.0 = Release|TwinCAT OS (x64)
		{96F46DFE-EDDA-479B-9653-23F1CE9905F8}.Release|TwinCAT OS (x64-E).ActiveCfg = Release|TwinCAT OS (x64-E)
		{96F46DFE-EDDA-479B-9653-23F1CE9905F8}.Release|TwinCAT OS (x64-E).Build.0 = Release|TwinCAT OS (x64-E)
		{96F46DFE-EDDA-479B-9653-23F1CE9905F8}.Release|TwinCAT RT (x64).ActiveCfg = Release|TwinCAT RT (x64)
		{96F46DFE-EDDA-479B-9653-23F1CE9905F8}.Release|TwinCAT RT (x64).Build.0 = Release|TwinCAT RT (x64)
		{96F46DFE-EDDA-479B-9653-23F1CE9905F8}.Release|TwinCAT RT (x86).ActiveCfg = Release|TwinCAT RT (x86)
		{96F46DFE-EDDA-479B-9653-23F1CE9905F8}.Release|TwinCAT RT (x86).Build.0 = Release|TwinCAT RT (x86)
	EndGlobalSection
	GlobalSection(SolutionProperties) = preSolution
		HideSolutionNode = FALSE
	EndGlobalSection
	GlobalSection(ExtensibilityGlobals) = postSolution
		SolutionGuid = {2B0D79AE-8FC9-469D-8A1F-A7EC3105FFAD}
	EndGlobalSection
EndGlobal
